// !$*UTF8*$!
{
	archiveVersion = 1;
	classes = {
	};
	objectVersion = 46;
	objects = {

/* Begin PBXBuildFile section */
		B32DAD1B1CCF4CD1005B2875 /* main.m in Sources */ = {isa = PBXBuildFile; fileRef = B32DAD1A1CCF4CD1005B2875 /* main.m */; };
		B32DAD1E1CCF4CD1005B2875 /* AppDelegate.m in Sources */ = {isa = PBXBuildFile; fileRef = B32DAD1D1CCF4CD1005B2875 /* AppDelegate.m */; };
		B32DAD211CCF4CD1005B2875 /* ViewController.m in Sources */ = {isa = PBXBuildFile; fileRef = B32DAD201CCF4CD1005B2875 /* ViewController.m */; };
		B32DAD241CCF4CD1005B2875 /* Main.storyboard in Resources */ = {isa = PBXBuildFile; fileRef = B32DAD221CCF4CD1005B2875 /* Main.storyboard */; };
		B32DAD261CCF4CD1005B2875 /* Assets.xcassets in Resources */ = {isa = PBXBuildFile; fileRef = B32DAD251CCF4CD1005B2875 /* Assets.xcassets */; };
		B32DAD291CCF4CD1005B2875 /* LaunchScreen.storyboard in Resources */ = {isa = PBXBuildFile; fileRef = B32DAD271CCF4CD1005B2875 /* LaunchScreen.storyboard */; };
		B359B1801CD1E6B100C7A769 /* libAFNetworking.a in Frameworks */ = {isa = PBXBuildFile; fileRef = B359B1791CD1E6B100C7A769 /* libAFNetworking.a */; };
		B359B1811CD1E6B100C7A769 /* libXLFBaseHttpRequestKit.a in Frameworks */ = {isa = PBXBuildFile; fileRef = B359B17F1CD1E6B100C7A769 /* libXLFBaseHttpRequestKit.a */; };
/* End PBXBuildFile section */

/* Begin PBXFileReference section */
		B32DAD161CCF4CD1005B2875 /* XLFBaseHttpRequestKitDemo.app */ = {isa = PBXFileReference; explicitFileType = wrapper.application; includeInIndex = 0; path = XLFBaseHttpRequestKitDemo.app; sourceTree = BUILT_PRODUCTS_DIR; };
		B32DAD1A1CCF4CD1005B2875 /* main.m */ = {isa = PBXFileReference; lastKnownFileType = sourcecode.c.objc; path = main.m; sourceTree = "<group>"; };
		B32DAD1C1CCF4CD1005B2875 /* AppDelegate.h */ = {isa = PBXFileReference; lastKnownFileType = sourcecode.c.h; path = AppDelegate.h; sourceTree = "<group>"; };
		B32DAD1D1CCF4CD1005B2875 /* AppDelegate.m */ = {isa = PBXFileReference; lastKnownFileType = sourcecode.c.objc; path = AppDelegate.m; sourceTree = "<group>"; };
		B32DAD1F1CCF4CD1005B2875 /* ViewController.h */ = {isa = PBXFileReference; lastKnownFileType = sourcecode.c.h; path = ViewController.h; sourceTree = "<group>"; };
		B32DAD201CCF4CD1005B2875 /* ViewController.m */ = {isa = PBXFileReference; lastKnownFileType = sourcecode.c.objc; path = ViewController.m; sourceTree = "<group>"; };
		B32DAD231CCF4CD1005B2875 /* Base */ = {isa = PBXFileReference; lastKnownFileType = file.storyboard; name = Base; path = Base.lproj/Main.storyboard; sourceTree = "<group>"; };
		B32DAD251CCF4CD1005B2875 /* Assets.xcassets */ = {isa = PBXFileReference; lastKnownFileType = folder.assetcatalog; path = Assets.xcassets; sourceTree = "<group>"; };
		B32DAD281CCF4CD1005B2875 /* Base */ = {isa = PBXFileReference; lastKnownFileType = file.storyboard; name = Base; path = Base.lproj/LaunchScreen.storyboard; sourceTree = "<group>"; };
		B32DAD2A1CCF4CD1005B2875 /* Info.plist */ = {isa = PBXFileReference; lastKnownFileType = text.plist.xml; path = Info.plist; sourceTree = "<group>"; };
		B359B1671CD1E6B100C7A769 /* AFAutoPurgingImageCache.h */ = {isa = PBXFileReference; fileEncoding = 4; lastKnownFileType = sourcecode.c.h; path = AFAutoPurgingImageCache.h; sourceTree = "<group>"; };
		B359B1681CD1E6B100C7A769 /* AFHTTPSessionManager.h */ = {isa = PBXFileReference; fileEncoding = 4; lastKnownFileType = sourcecode.c.h; path = AFHTTPSessionManager.h; sourceTree = "<group>"; };
		B359B1691CD1E6B100C7A769 /* AFImageDownloader.h */ = {isa = PBXFileReference; fileEncoding = 4; lastKnownFileType = sourcecode.c.h; path = AFImageDownloader.h; sourceTree = "<group>"; };
		B359B16A1CD1E6B100C7A769 /* AFNetworkActivityIndicatorManager.h */ = {isa = PBXFileReference; fileEncoding = 4; lastKnownFileType = sourcecode.c.h; path = AFNetworkActivityIndicatorManager.h; sourceTree = "<group>"; };
		B359B16B1CD1E6B100C7A769 /* AFNetworking.h */ = {isa = PBXFileReference; fileEncoding = 4; lastKnownFileType = sourcecode.c.h; path = AFNetworking.h; sourceTree = "<group>"; };
		B359B16C1CD1E6B100C7A769 /* AFNetworkReachabilityManager.h */ = {isa = PBXFileReference; fileEncoding = 4; lastKnownFileType = sourcecode.c.h; path = AFNetworkReachabilityManager.h; sourceTree = "<group>"; };
		B359B16D1CD1E6B100C7A769 /* AFSecurityPolicy.h */ = {isa = PBXFileReference; fileEncoding = 4; lastKnownFileType = sourcecode.c.h; path = AFSecurityPolicy.h; sourceTree = "<group>"; };
		B359B16E1CD1E6B100C7A769 /* AFURLRequestSerialization.h */ = {isa = PBXFileReference; fileEncoding = 4; lastKnownFileType = sourcecode.c.h; path = AFURLRequestSerialization.h; sourceTree = "<group>"; };
		B359B16F1CD1E6B100C7A769 /* AFURLResponseSerialization.h */ = {isa = PBXFileReference; fileEncoding = 4; lastKnownFileType = sourcecode.c.h; path = AFURLResponseSerialization.h; sourceTree = "<group>"; };
		B359B1701CD1E6B100C7A769 /* AFURLSessionManager.h */ = {isa = PBXFileReference; fileEncoding = 4; lastKnownFileType = sourcecode.c.h; path = AFURLSessionManager.h; sourceTree = "<group>"; };
		B359B1711CD1E6B100C7A769 /* UIActivityIndicatorView+AFNetworking.h */ = {isa = PBXFileReference; fileEncoding = 4; lastKnownFileType = sourcecode.c.h; path = "UIActivityIndicatorView+AFNetworking.h"; sourceTree = "<group>"; };
		B359B1721CD1E6B100C7A769 /* UIButton+AFNetworking.h */ = {isa = PBXFileReference; fileEncoding = 4; lastKnownFileType = sourcecode.c.h; path = "UIButton+AFNetworking.h"; sourceTree = "<group>"; };
		B359B1731CD1E6B100C7A769 /* UIImage+AFNetworking.h */ = {isa = PBXFileReference; fileEncoding = 4; lastKnownFileType = sourcecode.c.h; path = "UIImage+AFNetworking.h"; sourceTree = "<group>"; };
		B359B1741CD1E6B100C7A769 /* UIImageView+AFNetworking.h */ = {isa = PBXFileReference; fileEncoding = 4; lastKnownFileType = sourcecode.c.h; path = "UIImageView+AFNetworking.h"; sourceTree = "<group>"; };
		B359B1751CD1E6B100C7A769 /* UIKit+AFNetworking.h */ = {isa = PBXFileReference; fileEncoding = 4; lastKnownFileType = sourcecode.c.h; path = "UIKit+AFNetworking.h"; sourceTree = "<group>"; };
		B359B1761CD1E6B100C7A769 /* UIProgressView+AFNetworking.h */ = {isa = PBXFileReference; fileEncoding = 4; lastKnownFileType = sourcecode.c.h; path = "UIProgressView+AFNetworking.h"; sourceTree = "<group>"; };
		B359B1771CD1E6B100C7A769 /* UIRefreshControl+AFNetworking.h */ = {isa = PBXFileReference; fileEncoding = 4; lastKnownFileType = sourcecode.c.h; path = "UIRefreshControl+AFNetworking.h"; sourceTree = "<group>"; };
		B359B1781CD1E6B100C7A769 /* UIWebView+AFNetworking.h */ = {isa = PBXFileReference; fileEncoding = 4; lastKnownFileType = sourcecode.c.h; path = "UIWebView+AFNetworking.h"; sourceTree = "<group>"; };
		B359B1791CD1E6B100C7A769 /* libAFNetworking.a */ = {isa = PBXFileReference; lastKnownFileType = archive.ar; path = libAFNetworking.a; sourceTree = "<group>"; };
		B359B17C1CD1E6B100C7A769 /* XLFBaseHttpRequestKit.h */ = {isa = PBXFileReference; fileEncoding = 4; lastKnownFileType = sourcecode.c.h; path = XLFBaseHttpRequestKit.h; sourceTree = "<group>"; };
		B359B17D1CD1E6B100C7A769 /* XLFHttpRequestManager.h */ = {isa = PBXFileReference; fileEncoding = 4; lastKnownFileType = sourcecode.c.h; path = XLFHttpRequestManager.h; sourceTree = "<group>"; };
		B359B17E1CD1E6B100C7A769 /* XLFProgressViewDelegate.h */ = {isa = PBXFileReference; fileEncoding = 4; lastKnownFileType = sourcecode.c.h; path = XLFProgressViewDelegate.h; sourceTree = "<group>"; };
		B359B17F1CD1E6B100C7A769 /* libXLFBaseHttpRequestKit.a */ = {isa = PBXFileReference; lastKnownFileType = archive.ar; path = libXLFBaseHttpRequestKit.a; sourceTree = "<group>"; };
/* End PBXFileReference section */

/* Begin PBXFrameworksBuildPhase section */
		B32DAD131CCF4CD1005B2875 /* Frameworks */ = {
			isa = PBXFrameworksBuildPhase;
			buildActionMask = 2147483647;
			files = (
				B359B1811CD1E6B100C7A769 /* libXLFBaseHttpRequestKit.a in Frameworks */,
				B359B1801CD1E6B100C7A769 /* libAFNetworking.a in Frameworks */,
			);
			runOnlyForDeploymentPostprocessing = 0;
		};
/* End PBXFrameworksBuildPhase section */

/* Begin PBXGroup section */
		B32DAD0D1CCF4CD1005B2875 = {
			isa = PBXGroup;
			children = (
				B359B1641CD1E6B100C7A769 /* Libs */,
				B32DAD181CCF4CD1005B2875 /* XLFBaseHttpRequestKitDemo */,
				B32DAD171CCF4CD1005B2875 /* Products */,
			);
			sourceTree = "<group>";
		};
		B32DAD171CCF4CD1005B2875 /* Products */ = {
			isa = PBXGroup;
			children = (
				B32DAD161CCF4CD1005B2875 /* XLFBaseHttpRequestKitDemo.app */,
			);
			name = Products;
			sourceTree = "<group>";
		};
		B32DAD181CCF4CD1005B2875 /* XLFBaseHttpRequestKitDemo */ = {
			isa = PBXGroup;
			children = (
				B32DAD1C1CCF4CD1005B2875 /* AppDelegate.h */,
				B32DAD1D1CCF4CD1005B2875 /* AppDelegate.m */,
				B32DAD1F1CCF4CD1005B2875 /* ViewController.h */,
				B32DAD201CCF4CD1005B2875 /* ViewController.m */,
				B32DAD221CCF4CD1005B2875 /* Main.storyboard */,
				B32DAD251CCF4CD1005B2875 /* Assets.xcassets */,
				B32DAD271CCF4CD1005B2875 /* LaunchScreen.storyboard */,
				B32DAD2A1CCF4CD1005B2875 /* Info.plist */,
				B32DAD191CCF4CD1005B2875 /* Supporting Files */,
			);
			path = XLFBaseHttpRequestKitDemo;
			sourceTree = "<group>";
		};
		B32DAD191CCF4CD1005B2875 /* Supporting Files */ = {
			isa = PBXGroup;
			children = (
				B32DAD1A1CCF4CD1005B2875 /* main.m */,
			);
			name = "Supporting Files";
			sourceTree = "<group>";
		};
		B359B1641CD1E6B100C7A769 /* Libs */ = {
			isa = PBXGroup;
			children = (
				B359B1651CD1E6B100C7A769 /* AFNetworking */,
				B359B17A1CD1E6B100C7A769 /* BaseHttpRequest */,
			);
			path = Libs;
			sourceTree = "<group>";
		};
		B359B1651CD1E6B100C7A769 /* AFNetworking */ = {
			isa = PBXGroup;
			children = (
				B359B1661CD1E6B100C7A769 /* include */,
				B359B1791CD1E6B100C7A769 /* libAFNetworking.a */,
			);
			path = AFNetworking;
			sourceTree = "<group>";
		};
		B359B1661CD1E6B100C7A769 /* include */ = {
			isa = PBXGroup;
			children = (
				B359B1671CD1E6B100C7A769 /* AFAutoPurgingImageCache.h */,
				B359B1681CD1E6B100C7A769 /* AFHTTPSessionManager.h */,
				B359B1691CD1E6B100C7A769 /* AFImageDownloader.h */,
				B359B16A1CD1E6B100C7A769 /* AFNetworkActivityIndicatorManager.h */,
				B359B16B1CD1E6B100C7A769 /* AFNetworking.h */,
				B359B16C1CD1E6B100C7A769 /* AFNetworkReachabilityManager.h */,
				B359B16D1CD1E6B100C7A769 /* AFSecurityPolicy.h */,
				B359B16E1CD1E6B100C7A769 /* AFURLRequestSerialization.h */,
				B359B16F1CD1E6B100C7A769 /* AFURLResponseSerialization.h */,
				B359B1701CD1E6B100C7A769 /* AFURLSessionManager.h */,
				B359B1711CD1E6B100C7A769 /* UIActivityIndicatorView+AFNetworking.h */,
				B359B1721CD1E6B100C7A769 /* UIButton+AFNetworking.h */,
				B359B1731CD1E6B100C7A769 /* UIImage+AFNetworking.h */,
				B359B1741CD1E6B100C7A769 /* UIImageView+AFNetworking.h */,
				B359B1751CD1E6B100C7A769 /* UIKit+AFNetworking.h */,
				B359B1761CD1E6B100C7A769 /* UIProgressView+AFNetworking.h */,
				B359B1771CD1E6B100C7A769 /* UIRefreshControl+AFNetworking.h */,
				B359B1781CD1E6B100C7A769 /* UIWebView+AFNetworking.h */,
			);
			path = include;
			sourceTree = "<group>";
		};
		B359B17A1CD1E6B100C7A769 /* BaseHttpRequest */ = {
			isa = PBXGroup;
			children = (
				B359B17B1CD1E6B100C7A769 /* include */,
				B359B17F1CD1E6B100C7A769 /* libXLFBaseHttpRequestKit.a */,
			);
			path = BaseHttpRequest;
			sourceTree = "<group>";
		};
		B359B17B1CD1E6B100C7A769 /* include */ = {
			isa = PBXGroup;
			children = (
				B359B17C1CD1E6B100C7A769 /* XLFBaseHttpRequestKit.h */,
				B359B17D1CD1E6B100C7A769 /* XLFHttpRequestManager.h */,
				B359B17E1CD1E6B100C7A769 /* XLFProgressViewDelegate.h */,
			);
			path = include;
			sourceTree = "<group>";
		};
/* End PBXGroup section */

/* Begin PBXNativeTarget section */
		B32DAD151CCF4CD1005B2875 /* XLFBaseHttpRequestKitDemo */ = {
			isa = PBXNativeTarget;
			buildConfigurationList = B32DAD2D1CCF4CD1005B2875 /* Build configuration list for PBXNativeTarget "XLFBaseHttpRequestKitDemo" */;
			buildPhases = (
				B32DAD121CCF4CD1005B2875 /* Sources */,
				B32DAD131CCF4CD1005B2875 /* Frameworks */,
				B32DAD141CCF4CD1005B2875 /* Resources */,
			);
			buildRules = (
			);
			dependencies = (
			);
			name = XLFBaseHttpRequestKitDemo;
			productName = XLFBaseHttpRequestKitDemo;
			productReference = B32DAD161CCF4CD1005B2875 /* XLFBaseHttpRequestKitDemo.app */;
			productType = "com.apple.product-type.application";
		};
/* End PBXNativeTarget section */

/* Begin PBXProject section */
		B32DAD0E1CCF4CD1005B2875 /* Project object */ = {
			isa = PBXProject;
			attributes = {
				LastUpgradeCheck = 0730;
				ORGANIZATIONNAME = "Marike Jave";
				TargetAttributes = {
					B32DAD151CCF4CD1005B2875 = {
						CreatedOnToolsVersion = 7.3;
						DevelopmentTeam = 79E68V4GS2;
					};
				};
			};
			buildConfigurationList = B32DAD111CCF4CD1005B2875 /* Build configuration list for PBXProject "XLFBaseHttpRequestKitDemo" */;
			compatibilityVersion = "Xcode 3.2";
			developmentRegion = English;
			hasScannedForEncodings = 0;
			knownRegions = (
				en,
				Base,
			);
			mainGroup = B32DAD0D1CCF4CD1005B2875;
			productRefGroup = B32DAD171CCF4CD1005B2875 /* Products */;
			projectDirPath = "";
			projectRoot = "";
			targets = (
				B32DAD151CCF4CD1005B2875 /* XLFBaseHttpRequestKitDemo */,
			);
		};
/* End PBXProject section */

/* Begin PBXResourcesBuildPhase section */
		B32DAD141CCF4CD1005B2875 /* Resources */ = {
			isa = PBXResourcesBuildPhase;
			buildActionMask = 2147483647;
			files = (
				B32DAD291CCF4CD1005B2875 /* LaunchScreen.storyboard in Resources */,
				B32DAD261CCF4CD1005B2875 /* Assets.xcassets in Resources */,
				B32DAD241CCF4CD1005B2875 /* Main.storyboard in Resources */,
			);
			runOnlyForDeploymentPostprocessing = 0;
		};
/* End PBXResourcesBuildPhase section */

/* Begin PBXSourcesBuildPhase section */
		B32DAD121CCF4CD1005B2875 /* Sources */ = {
			isa = PBXSourcesBuildPhase;
			buildActionMask = 2147483647;
			files = (
				B32DAD211CCF4CD1005B2875 /* ViewController.m in Sources */,
				B32DAD1E1CCF4CD1005B2875 /* AppDelegate.m in Sources */,
				B32DAD1B1CCF4CD1005B2875 /* main.m in Sources */,
			);
			runOnlyForDeploymentPostprocessing = 0;
		};
/* End PBXSourcesBuildPhase section */

/* Begin PBXVariantGroup section */
		B32DAD221CCF4CD1005B2875 /* Main.storyboard */ = {
			isa = PBXVariantGroup;
			children = (
				B32DAD231CCF4CD1005B2875 /* Base */,
			);
			name = Main.storyboard;
			sourceTree = "<group>";
		};
		B32DAD271CCF4CD1005B2875 /* LaunchScreen.storyboard */ = {
			isa = PBXVariantGroup;
			children = (
				B32DAD281CCF4CD1005B2875 /* Base */,
			);
			name = LaunchScreen.storyboard;
			sourceTree = "<group>";
		};
/* End PBXVariantGroup section */

/* Begin XCBuildConfiguration section */
		B32DAD2B1CCF4CD1005B2875 /* Debug */ = {
			isa = XCBuildConfiguration;
			buildSettings = {
				ALWAYS_SEARCH_USER_PATHS = NO;
				CLANG_ANALYZER_NONNULL = YES;
				CLANG_CXX_LANGUAGE_STANDARD = "gnu++0x";
				CLANG_CXX_LIBRARY = "libc++";
				CLANG_ENABLE_MODULES = YES;
				CLANG_ENABLE_OBJC_ARC = YES;
				CLANG_WARN_BOOL_CONVERSION = YES;
				CLANG_WARN_CONSTANT_CONVERSION = YES;
				CLANG_WARN_DIRECT_OBJC_ISA_USAGE = YES_ERROR;
				CLANG_WARN_EMPTY_BODY = YES;
				CLANG_WARN_ENUM_CONVERSION = YES;
				CLANG_WARN_INT_CONVERSION = YES;
				CLANG_WARN_OBJC_ROOT_CLASS = YES_ERROR;
				CLANG_WARN_UNREACHABLE_CODE = YES;
				CLANG_WARN__DUPLICATE_METHOD_MATCH = YES;
				"CODE_SIGN_IDENTITY[sdk=iphoneos*]" = "iPhone Developer";
				COPY_PHASE_STRIP = NO;
				DEBUG_INFORMATION_FORMAT = dwarf;
				ENABLE_STRICT_OBJC_MSGSEND = YES;
				ENABLE_TESTABILITY = YES;
				GCC_C_LANGUAGE_STANDARD = gnu99;
				GCC_DYNAMIC_NO_PIC = NO;
				GCC_NO_COMMON_BLOCKS = YES;
				GCC_OPTIMIZATION_LEVEL = 0;
				GCC_PREPROCESSOR_DEFINITIONS = (
					"DEBUG=1",
					"$(inherited)",
				);
				GCC_WARN_64_TO_32_BIT_CONVERSION = YES;
				GCC_WARN_ABOUT_RETURN_TYPE = YES_ERROR;
				GCC_WARN_UNDECLARED_SELECTOR = YES;
				GCC_WARN_UNINITIALIZED_AUTOS = YES_AGGRESSIVE;
				GCC_WARN_UNUSED_FUNCTION = YES;
				GCC_WARN_UNUSED_VARIABLE = YES;
				IPHONEOS_DEPLOYMENT_TARGET = 9.3;
				MTL_ENABLE_DEBUG_INFO = YES;
				ONLY_ACTIVE_ARCH = YES;
				SDKROOT = iphoneos;
				TARGETED_DEVICE_FAMILY = "1,2";
			};
			name = Debug;
		};
		B32DAD2C1CCF4CD1005B2875 /* Release */ = {
			isa = XCBuildConfiguration;
			buildSettings = {
				ALWAYS_SEARCH_USER_PATHS = NO;
				CLANG_ANALYZER_NONNULL = YES;
				CLANG_CXX_LANGUAGE_STANDARD = "gnu++0x";
				CLANG_CXX_LIBRARY = "libc++";
				CLANG_ENABLE_MODULES = YES;
				CLANG_ENABLE_OBJC_ARC = YES;
				CLANG_WARN_BOOL_CONVERSION = YES;
				CLANG_WARN_CONSTANT_CONVERSION = YES;
				CLANG_WARN_DIRECT_OBJC_ISA_USAGE = YES_ERROR;
				CLANG_WARN_EMPTY_BODY = YES;
				CLANG_WARN_ENUM_CONVERSION = YES;
				CLANG_WARN_INT_CONVERSION = YES;
				CLANG_WARN_OBJC_ROOT_CLASS = YES_ERROR;
				CLANG_WARN_UNREACHABLE_CODE = YES;
				CLANG_WARN__DUPLICATE_METHOD_MATCH = YES;
				"CODE_SIGN_IDENTITY[sdk=iphoneos*]" = "iPhone Developer";
				COPY_PHASE_STRIP = NO;
				DEBUG_INFORMATION_FORMAT = "dwarf-with-dsym";
				ENABLE_NS_ASSERTIONS = NO;
				ENABLE_STRICT_OBJC_MSGSEND = YES;
				GCC_C_LANGUAGE_STANDARD = gnu99;
				GCC_NO_COMMON_BLOCKS = YES;
				GCC_WARN_64_TO_32_BIT_CONVERSION = YES;
				GCC_WARN_ABOUT_RETURN_TYPE = YES_ERROR;
				GCC_WARN_UNDECLARED_SELECTOR = YES;
				GCC_WARN_UNINITIALIZED_AUTOS = YES_AGGRESSIVE;
				GCC_WARN_UNUSED_FUNCTION = YES;
				GCC_WARN_UNUSED_VARIABLE = YES;
				IPHONEOS_DEPLOYMENT_TARGET = 9.3;
				MTL_ENABLE_DEBUG_INFO = NO;
				SDKROOT = iphoneos;
				TARGETED_DEVICE_FAMILY = "1,2";
				VALIDATE_PRODUCT = YES;
			};
			name = Release;
		};
		B32DAD2E1CCF4CD1005B2875 /* Debug */ = {
			isa = XCBuildConfiguration;
			buildSettings = {
				ASSETCATALOG_COMPILER_APPICON_NAME = AppIcon;
				ASSETCATALOG_COMPILER_LAUNCHIMAGE_NAME = "Brand Assets";
				CODE_SIGN_IDENTITY = "iPhone Developer";
				FRAMEWORK_SEARCH_PATHS = "$(inherited)";
				HEADER_SEARCH_PATHS = "$(inherited)";
				INFOPLIST_FILE = XLFBaseHttpRequestKitDemo/Info.plist;
				IPHONEOS_DEPLOYMENT_TARGET = 8.0;
				LD_RUNPATH_SEARCH_PATHS = "$(inherited) @executable_path/Frameworks";
				LIBRARY_SEARCH_PATHS = (
					"$(inherited)",
					"$(PROJECT_DIR)/Libs/AFNetworking",
					"$(PROJECT_DIR)/Libs/BaseHttpRequest",
				);
				ONLY_ACTIVE_ARCH = NO;
				OTHER_LDFLAGS = "";
				PRODUCT_BUNDLE_IDENTIFIER = com.marikejave.XLFBaseHttpRequestKitDemo;
				PRODUCT_NAME = "$(TARGET_NAME)";
			};
			name = Debug;
		};
		B32DAD2F1CCF4CD1005B2875 /* Release */ = {
			isa = XCBuildConfiguration;
			buildSettings = {
				ASSETCATALOG_COMPILER_APPICON_NAME = AppIcon;
				ASSETCATALOG_COMPILER_LAUNCHIMAGE_NAME = "Brand Assets";
				CODE_SIGN_IDENTITY = "iPhone Developer";
				FRAMEWORK_SEARCH_PATHS = "$(inherited)";
				HEADER_SEARCH_PATHS = "$(inherited)";
				INFOPLIST_FILE = XLFBaseHttpRequestKitDemo/Info.plist;
				IPHONEOS_DEPLOYMENT_TARGET = 8.0;
				LD_RUNPATH_SEARCH_PATHS = "$(inherited) @executable_path/Frameworks";
				LIBRARY_SEARCH_PATHS = (
					"$(inherited)",
					"$(PROJECT_DIR)/Libs/AFNetworking",
					"$(PROJECT_DIR)/Libs/BaseHttpRequest",
				);
				OTHER_LDFLAGS = "";
				PRODUCT_BUNDLE_IDENTIFIER = com.marikejave.XLFBaseHttpRequestKitDemo;
				PRODUCT_NAME = "$(TARGET_NAME)";
			};
			name = Release;
		};
/* End XCBuildConfiguration section */

/* Begin XCConfigurationList section */
		B32DAD111CCF4CD1005B2875 /* Build configuration list for PBXProject "XLFBaseHttpRequestKitDemo" */ = {
			isa = XCConfigurationList;
			buildConfigurations = (
				B32DAD2B1CCF4CD1005B2875 /* Debug */,
				B32DAD2C1CCF4CD1005B2875 /* Release */,
			);
			defaultConfigurationIsVisible = 0;
			defaultConfigurationName = Release;
		};
		B32DAD2D1CCF4CD1005B2875 /* Build configuration list for PBXNativeTarget "XLFBaseHttpRequestKitDemo" */ = {
			isa = XCConfigurationList;
			buildConfigurations = (
				B32DAD2E1CCF4CD1005B2875 /* Debug */,
				B32DAD2F1CCF4CD1005B2875 /* Release */,
			);
			defaultConfigurationIsVisible = 0;
			defaultConfigurationName = Release;
		};
/* End XCConfigurationList section */
	};
	rootObject = B32DAD0E1CCF4CD1005B2875 /* Project object */;
}
